
Microsoft Visual Studio Solution File, Format Version 12.00
# Visual Studio 15
VisualStudioVersion = 15.0.27130.2036
MinimumVisualStudioVersion = 10.0.40219.1
Project("{9A19103F-16F7-4668-BE54-9A1E7A4F7556}") = "consoleApp", "consoleApp.csproj", "{725379CF-FFAA-4667-93AE-0B03A5827556}"
EndProject
Global
	GlobalSection(SolutionConfigurationPlatforms) = preSolution
		Debug|Any CPU = Debug|Any CPU
		Release|Any CPU = Release|Any CPU
	EndGlobalSection
	GlobalSection(ProjectConfigurationPlatforms) = postSolution
		{725379CF-FFAA-4667-93AE-0B03A5827556}.Debug|Any CPU.ActiveCfg = Debug|Any CPU
		{725379CF-FFAA-4667-93AE-0B03A5827556}.Debug|Any CPU.Build.0 = Debug|Any CPU
		{725379CF-FFAA-4667-93AE-0B03A5827556}.Release|Any CPU.ActiveCfg = Release|Any CPU
		{725379CF-FFAA-4667-93AE-0B03A5827556}.Release|Any CPU.Build.0 = Release|Any CPU
	EndGlobalSection
	GlobalSection(SolutionProperties) = preSolution
		HideSolutionNode = FALSE
	EndGlobalSection
	GlobalSection(ExtensibilityGlobals) = postSolution
		SolutionGuid = {526A456D-6888-443E-AC95-8EA3D0B4DEA5}
	EndGlobalSection
EndGlobal
