
Microsoft Visual Studio Solution File, Format Version 12.00
# Visual Studio 15
VisualStudioVersion = 15.0.27130.2036
MinimumVisualStudioVersion = 10.0.40219.1
Project("{FAE04EC0-301F-11D3-BF4B-00C04F79EFBC}") = "BlockchainApp.Android", "BlockchainApp\BlockchainApp.Android\BlockchainApp.Android.csproj", "{1492F12D-09C4-4CD9-8231-EAF6F691EE39}"
EndProject
Project("{FAE04EC0-301F-11D3-BF4B-00C04F79EFBC}") = "BlockchainApp.iOS", "BlockchainApp\BlockchainApp.iOS\BlockchainApp.iOS.csproj", "{0100284D-DC49-4BD6-A097-807F697560D6}"
EndProject
Project("{9A19103F-16F7-4668-BE54-9A1E7A4F7556}") = "BlockchainApp", "BlockchainApp\BlockchainApp\BlockchainApp.csproj", "{9428F836-DC40-4C11-AA20-B74F63B69B72}"
EndProject
Project("{9A19103F-16F7-4668-BE54-9A1E7A4F7556}") = "BlockchainAPI", "BlockchainAPI\BlockchainAPI.csproj", "{181F8BF5-3EC4-4FB9-AE2D-D3BCEE1D9DF1}"
EndProject
Project("{9A19103F-16F7-4668-BE54-9A1E7A4F7556}") = "BlockchainAPI.Tests", "BlockchainAPI.Tests\BlockchainAPI.Tests.csproj", "{10E375C3-C438-4771-B177-0FC2E5F20ABF}"
EndProject
Project("{FAE04EC0-301F-11D3-BF4B-00C04F79EFBC}") = "BlockchainApp.UITests", "BlockchainApp.UITests\BlockchainApp.UITests.csproj", "{B5A10A6F-7ED6-4CBB-8F47-17C9FB7DF7EE}"
EndProject
Project("{9A19103F-16F7-4668-BE54-9A1E7A4F7556}") = "BlockchainAPI.Tools", "BlockchainAPI.Tools\BlockchainAPI.Tools.csproj", "{CFB19FD3-1124-44CD-BB21-7200AD40477D}"
EndProject
Project("{9A19103F-16F7-4668-BE54-9A1E7A4F7556}") = "BlockchainWebApp", "BlockchainWebApp\BlockchainWebApp.csproj", "{259CD1AA-9180-4B9B-9792-0BE7E0210669}"
EndProject
Global
	GlobalSection(SolutionConfigurationPlatforms) = preSolution
		Ad-Hoc|Any CPU = Ad-Hoc|Any CPU
		Ad-Hoc|iPhone = Ad-Hoc|iPhone
		Ad-Hoc|iPhoneSimulator = Ad-Hoc|iPhoneSimulator
		AppStore|Any CPU = AppStore|Any CPU
		AppStore|iPhone = AppStore|iPhone
		AppStore|iPhoneSimulator = AppStore|iPhoneSimulator
		Debug|Any CPU = Debug|Any CPU
		Debug|iPhone = Debug|iPhone
		Debug|iPhoneSimulator = Debug|iPhoneSimulator
		Release|Any CPU = Release|Any CPU
		Release|iPhone = Release|iPhone
		Release|iPhoneSimulator = Release|iPhoneSimulator
	EndGlobalSection
	GlobalSection(ProjectConfigurationPlatforms) = postSolution
		{1492F12D-09C4-4CD9-8231-EAF6F691EE39}.Ad-Hoc|Any CPU.ActiveCfg = Release|Any CPU
		{1492F12D-09C4-4CD9-8231-EAF6F691EE39}.Ad-Hoc|Any CPU.Build.0 = Release|Any CPU
		{1492F12D-09C4-4CD9-8231-EAF6F691EE39}.Ad-Hoc|Any CPU.Deploy.0 = Release|Any CPU
		{1492F12D-09C4-4CD9-8231-EAF6F691EE39}.Ad-Hoc|iPhone.ActiveCfg = Release|Any CPU
		{1492F12D-09C4-4CD9-8231-EAF6F691EE39}.Ad-Hoc|iPhone.Build.0 = Release|Any CPU
		{1492F12D-09C4-4CD9-8231-EAF6F691EE39}.Ad-Hoc|iPhone.Deploy.0 = Release|Any CPU
		{1492F12D-09C4-4CD9-8231-EAF6F691EE39}.Ad-Hoc|iPhoneSimulator.ActiveCfg = Release|Any CPU
		{1492F12D-09C4-4CD9-8231-EAF6F691EE39}.Ad-Hoc|iPhoneSimulator.Build.0 = Release|Any CPU
		{1492F12D-09C4-4CD9-8231-EAF6F691EE39}.Ad-Hoc|iPhoneSimulator.Deploy.0 = Release|Any CPU
		{1492F12D-09C4-4CD9-8231-EAF6F691EE39}.AppStore|Any CPU.ActiveCfg = Release|Any CPU
		{1492F12D-09C4-4CD9-8231-EAF6F691EE39}.AppStore|Any CPU.Build.0 = Release|Any CPU
		{1492F12D-09C4-4CD9-8231-EAF6F691EE39}.AppStore|Any CPU.Deploy.0 = Release|Any CPU
		{1492F12D-09C4-4CD9-8231-EAF6F691EE39}.AppStore|iPhone.ActiveCfg = Release|Any CPU
		{1492F12D-09C4-4CD9-8231-EAF6F691EE39}.AppStore|iPhone.Build.0 = Release|Any CPU
		{1492F12D-09C4-4CD9-8231-EAF6F691EE39}.AppStore|iPhone.Deploy.0 = Release|Any CPU
		{1492F12D-09C4-4CD9-8231-EAF6F691EE39}.AppStore|iPhoneSimulator.ActiveCfg = Release|Any CPU
		{1492F12D-09C4-4CD9-8231-EAF6F691EE39}.AppStore|iPhoneSimulator.Build.0 = Release|Any CPU
		{1492F12D-09C4-4CD9-8231-EAF6F691EE39}.AppStore|iPhoneSimulator.Deploy.0 = Release|Any CPU
		{1492F12D-09C4-4CD9-8231-EAF6F691EE39}.Debug|Any CPU.ActiveCfg = Debug|Any CPU
		{1492F12D-09C4-4CD9-8231-EAF6F691EE39}.Debug|Any CPU.Build.0 = Debug|Any CPU
		{1492F12D-09C4-4CD9-8231-EAF6F691EE39}.Debug|Any CPU.Deploy.0 = Debug|Any CPU
		{1492F12D-09C4-4CD9-8231-EAF6F691EE39}.Debug|iPhone.ActiveCfg = Debug|Any CPU
		{1492F12D-09C4-4CD9-8231-EAF6F691EE39}.Debug|iPhone.Build.0 = Debug|Any CPU
		{1492F12D-09C4-4CD9-8231-EAF6F691EE39}.Debug|iPhone.Deploy.0 = Debug|Any CPU
		{1492F12D-09C4-4CD9-8231-EAF6F691EE39}.Debug|iPhoneSimulator.ActiveCfg = Debug|Any CPU
		{1492F12D-09C4-4CD9-8231-EAF6F691EE39}.Debug|iPhoneSimulator.Build.0 = Debug|Any CPU
		{1492F12D-09C4-4CD9-8231-EAF6F691EE39}.Debug|iPhoneSimulator.Deploy.0 = Debug|Any CPU
		{1492F12D-09C4-4CD9-8231-EAF6F691EE39}.Release|Any CPU.ActiveCfg = Release|Any CPU
		{1492F12D-09C4-4CD9-8231-EAF6F691EE39}.Release|Any CPU.Build.0 = Release|Any CPU
		{1492F12D-09C4-4CD9-8231-EAF6F691EE39}.Release|Any CPU.Deploy.0 = Release|Any CPU
		{1492F12D-09C4-4CD9-8231-EAF6F691EE39}.Release|iPhone.ActiveCfg = Release|Any CPU
		{1492F12D-09C4-4CD9-8231-EAF6F691EE39}.Release|iPhone.Build.0 = Release|Any CPU
		{1492F12D-09C4-4CD9-8231-EAF6F691EE39}.Release|iPhone.Deploy.0 = Release|Any CPU
		{1492F12D-09C4-4CD9-8231-EAF6F691EE39}.Release|iPhoneSimulator.ActiveCfg = Release|Any CPU
		{1492F12D-09C4-4CD9-8231-EAF6F691EE39}.Release|iPhoneSimulator.Build.0 = Release|Any CPU
		{1492F12D-09C4-4CD9-8231-EAF6F691EE39}.Release|iPhoneSimulator.Deploy.0 = Release|Any CPU
		{0100284D-DC49-4BD6-A097-807F697560D6}.Ad-Hoc|Any CPU.ActiveCfg = Ad-Hoc|iPhone
		{0100284D-DC49-4BD6-A097-807F697560D6}.Ad-Hoc|iPhone.ActiveCfg = Ad-Hoc|iPhone
		{0100284D-DC49-4BD6-A097-807F697560D6}.Ad-Hoc|iPhone.Build.0 = Ad-Hoc|iPhone
		{0100284D-DC49-4BD6-A097-807F697560D6}.Ad-Hoc|iPhoneSimulator.ActiveCfg = Ad-Hoc|iPhoneSimulator
		{0100284D-DC49-4BD6-A097-807F697560D6}.Ad-Hoc|iPhoneSimulator.Build.0 = Ad-Hoc|iPhoneSimulator
		{0100284D-DC49-4BD6-A097-807F697560D6}.AppStore|Any CPU.ActiveCfg = AppStore|iPhone
		{0100284D-DC49-4BD6-A097-807F697560D6}.AppStore|iPhone.ActiveCfg = AppStore|iPhone
		{0100284D-DC49-4BD6-A097-807F697560D6}.AppStore|iPhone.Build.0 = AppStore|iPhone
		{0100284D-DC49-4BD6-A097-807F697560D6}.AppStore|iPhoneSimulator.ActiveCfg = AppStore|iPhoneSimulator
		{0100284D-DC49-4BD6-A097-807F697560D6}.AppStore|iPhoneSimulator.Build.0 = AppStore|iPhoneSimulator
		{0100284D-DC49-4BD6-A097-807F697560D6}.Debug|Any CPU.ActiveCfg = Debug|iPhone
		{0100284D-DC49-4BD6-A097-807F697560D6}.Debug|iPhone.ActiveCfg = Debug|iPhone
		{0100284D-DC49-4BD6-A097-807F697560D6}.Debug|iPhone.Build.0 = Debug|iPhone
		{0100284D-DC49-4BD6-A097-807F697560D6}.Debug|iPhoneSimulator.ActiveCfg = Debug|iPhoneSimulator
		{0100284D-DC49-4BD6-A097-807F697560D6}.Debug|iPhoneSimulator.Build.0 = Debug|iPhoneSimulator
		{0100284D-DC49-4BD6-A097-807F697560D6}.Release|Any CPU.ActiveCfg = Release|iPhone
		{0100284D-DC49-4BD6-A097-807F697560D6}.Release|iPhone.ActiveCfg = Release|iPhone
		{0100284D-DC49-4BD6-A097-807F697560D6}.Release|iPhone.Build.0 = Release|iPhone
		{0100284D-DC49-4BD6-A097-807F697560D6}.Release|iPhoneSimulator.ActiveCfg = Release|iPhoneSimulator
		{0100284D-DC49-4BD6-A097-807F697560D6}.Release|iPhoneSimulator.Build.0 = Release|iPhoneSimulator
		{9428F836-DC40-4C11-AA20-B74F63B69B72}.Ad-Hoc|Any CPU.ActiveCfg = Debug|Any CPU
		{9428F836-DC40-4C11-AA20-B74F63B69B72}.Ad-Hoc|Any CPU.Build.0 = Debug|Any CPU
		{9428F836-DC40-4C11-AA20-B74F63B69B72}.Ad-Hoc|iPhone.ActiveCfg = Debug|Any CPU
		{9428F836-DC40-4C11-AA20-B74F63B69B72}.Ad-Hoc|iPhone.Build.0 = Debug|Any CPU
		{9428F836-DC40-4C11-AA20-B74F63B69B72}.Ad-Hoc|iPhoneSimulator.ActiveCfg = Debug|Any CPU
		{9428F836-DC40-4C11-AA20-B74F63B69B72}.Ad-Hoc|iPhoneSimulator.Build.0 = Debug|Any CPU
		{9428F836-DC40-4C11-AA20-B74F63B69B72}.AppStore|Any CPU.ActiveCfg = Debug|Any CPU
		{9428F836-DC40-4C11-AA20-B74F63B69B72}.AppStore|Any CPU.Build.0 = Debug|Any CPU
		{9428F836-DC40-4C11-AA20-B74F63B69B72}.AppStore|iPhone.ActiveCfg = Debug|Any CPU
		{9428F836-DC40-4C11-AA20-B74F63B69B72}.AppStore|iPhone.Build.0 = Debug|Any CPU
		{9428F836-DC40-4C11-AA20-B74F63B69B72}.AppStore|iPhoneSimulator.ActiveCfg = Debug|Any CPU
		{9428F836-DC40-4C11-AA20-B74F63B69B72}.AppStore|iPhoneSimulator.Build.0 = Debug|Any CPU
		{9428F836-DC40-4C11-AA20-B74F63B69B72}.Debug|Any CPU.ActiveCfg = Debug|Any CPU
		{9428F836-DC40-4C11-AA20-B74F63B69B72}.Debug|Any CPU.Build.0 = Debug|Any CPU
		{9428F836-DC40-4C11-AA20-B74F63B69B72}.Debug|iPhone.ActiveCfg = Debug|Any CPU
		{9428F836-DC40-4C11-AA20-B74F63B69B72}.Debug|iPhone.Build.0 = Debug|Any CPU
		{9428F836-DC40-4C11-AA20-B74F63B69B72}.Debug|iPhoneSimulator.ActiveCfg = Debug|Any CPU
		{9428F836-DC40-4C11-AA20-B74F63B69B72}.Debug|iPhoneSimulator.Build.0 = Debug|Any CPU
		{9428F836-DC40-4C11-AA20-B74F63B69B72}.Release|Any CPU.ActiveCfg = Release|Any CPU
		{9428F836-DC40-4C11-AA20-B74F63B69B72}.Release|Any CPU.Build.0 = Release|Any CPU
		{9428F836-DC40-4C11-AA20-B74F63B69B72}.Release|iPhone.ActiveCfg = Release|Any CPU
		{9428F836-DC40-4C11-AA20-B74F63B69B72}.Release|iPhone.Build.0 = Release|Any CPU
		{9428F836-DC40-4C11-AA20-B74F63B69B72}.Release|iPhoneSimulator.ActiveCfg = Release|Any CPU
		{9428F836-DC40-4C11-AA20-B74F63B69B72}.Release|iPhoneSimulator.Build.0 = Release|Any CPU
		{181F8BF5-3EC4-4FB9-AE2D-D3BCEE1D9DF1}.Ad-Hoc|Any CPU.ActiveCfg = Debug|Any CPU
		{181F8BF5-3EC4-4FB9-AE2D-D3BCEE1D9DF1}.Ad-Hoc|Any CPU.Build.0 = Debug|Any CPU
		{181F8BF5-3EC4-4FB9-AE2D-D3BCEE1D9DF1}.Ad-Hoc|iPhone.ActiveCfg = Debug|Any CPU
		{181F8BF5-3EC4-4FB9-AE2D-D3BCEE1D9DF1}.Ad-Hoc|iPhone.Build.0 = Debug|Any CPU
		{181F8BF5-3EC4-4FB9-AE2D-D3BCEE1D9DF1}.Ad-Hoc|iPhoneSimulator.ActiveCfg = Debug|Any CPU
		{181F8BF5-3EC4-4FB9-AE2D-D3BCEE1D9DF1}.Ad-Hoc|iPhoneSimulator.Build.0 = Debug|Any CPU
		{181F8BF5-3EC4-4FB9-AE2D-D3BCEE1D9DF1}.AppStore|Any CPU.ActiveCfg = Debug|Any CPU
		{181F8BF5-3EC4-4FB9-AE2D-D3BCEE1D9DF1}.AppStore|Any CPU.Build.0 = Debug|Any CPU
		{181F8BF5-3EC4-4FB9-AE2D-D3BCEE1D9DF1}.AppStore|iPhone.ActiveCfg = Debug|Any CPU
		{181F8BF5-3EC4-4FB9-AE2D-D3BCEE1D9DF1}.AppStore|iPhone.Build.0 = Debug|Any CPU
		{181F8BF5-3EC4-4FB9-AE2D-D3BCEE1D9DF1}.AppStore|iPhoneSimulator.ActiveCfg = Debug|Any CPU
		{181F8BF5-3EC4-4FB9-AE2D-D3BCEE1D9DF1}.AppStore|iPhoneSimulator.Build.0 = Debug|Any CPU
		{181F8BF5-3EC4-4FB9-AE2D-D3BCEE1D9DF1}.Debug|Any CPU.ActiveCfg = Debug|Any CPU
		{181F8BF5-3EC4-4FB9-AE2D-D3BCEE1D9DF1}.Debug|Any CPU.Build.0 = Debug|Any CPU
		{181F8BF5-3EC4-4FB9-AE2D-D3BCEE1D9DF1}.Debug|iPhone.ActiveCfg = Debug|Any CPU
		{181F8BF5-3EC4-4FB9-AE2D-D3BCEE1D9DF1}.Debug|iPhone.Build.0 = Debug|Any CPU
		{181F8BF5-3EC4-4FB9-AE2D-D3BCEE1D9DF1}.Debug|iPhoneSimulator.ActiveCfg = Debug|Any CPU
		{181F8BF5-3EC4-4FB9-AE2D-D3BCEE1D9DF1}.Debug|iPhoneSimulator.Build.0 = Debug|Any CPU
		{181F8BF5-3EC4-4FB9-AE2D-D3BCEE1D9DF1}.Release|Any CPU.ActiveCfg = Release|Any CPU
		{181F8BF5-3EC4-4FB9-AE2D-D3BCEE1D9DF1}.Release|Any CPU.Build.0 = Release|Any CPU
		{181F8BF5-3EC4-4FB9-AE2D-D3BCEE1D9DF1}.Release|iPhone.ActiveCfg = Release|Any CPU
		{181F8BF5-3EC4-4FB9-AE2D-D3BCEE1D9DF1}.Release|iPhone.Build.0 = Release|Any CPU
		{181F8BF5-3EC4-4FB9-AE2D-D3BCEE1D9DF1}.Release|iPhoneSimulator.ActiveCfg = Release|Any CPU
		{181F8BF5-3EC4-4FB9-AE2D-D3BCEE1D9DF1}.Release|iPhoneSimulator.Build.0 = Release|Any CPU
		{10E375C3-C438-4771-B177-0FC2E5F20ABF}.Ad-Hoc|Any CPU.ActiveCfg = Debug|Any CPU
		{10E375C3-C438-4771-B177-0FC2E5F20ABF}.Ad-Hoc|Any CPU.Build.0 = Debug|Any CPU
		{10E375C3-C438-4771-B177-0FC2E5F20ABF}.Ad-Hoc|iPhone.ActiveCfg = Debug|Any CPU
		{10E375C3-C438-4771-B177-0FC2E5F20ABF}.Ad-Hoc|iPhone.Build.0 = Debug|Any CPU
		{10E375C3-C438-4771-B177-0FC2E5F20ABF}.Ad-Hoc|iPhoneSimulator.ActiveCfg = Debug|Any CPU
		{10E375C3-C438-4771-B177-0FC2E5F20ABF}.Ad-Hoc|iPhoneSimulator.Build.0 = Debug|Any CPU
		{10E375C3-C438-4771-B177-0FC2E5F20ABF}.AppStore|Any CPU.ActiveCfg = Debug|Any CPU
		{10E375C3-C438-4771-B177-0FC2E5F20ABF}.AppStore|Any CPU.Build.0 = Debug|Any CPU
		{10E375C3-C438-4771-B177-0FC2E5F20ABF}.AppStore|iPhone.ActiveCfg = Debug|Any CPU
		{10E375C3-C438-4771-B177-0FC2E5F20ABF}.AppStore|iPhone.Build.0 = Debug|Any CPU
		{10E375C3-C438-4771-B177-0FC2E5F20ABF}.AppStore|iPhoneSimulator.ActiveCfg = Debug|Any CPU
		{10E375C3-C438-4771-B177-0FC2E5F20ABF}.AppStore|iPhoneSimulator.Build.0 = Debug|Any CPU
		{10E375C3-C438-4771-B177-0FC2E5F20ABF}.Debug|Any CPU.ActiveCfg = Debug|Any CPU
		{10E375C3-C438-4771-B177-0FC2E5F20ABF}.Debug|Any CPU.Build.0 = Debug|Any CPU
		{10E375C3-C438-4771-B177-0FC2E5F20ABF}.Debug|iPhone.ActiveCfg = Debug|Any CPU
		{10E375C3-C438-4771-B177-0FC2E5F20ABF}.Debug|iPhone.Build.0 = Debug|Any CPU
		{10E375C3-C438-4771-B177-0FC2E5F20ABF}.Debug|iPhoneSimulator.ActiveCfg = Debug|Any CPU
		{10E375C3-C438-4771-B177-0FC2E5F20ABF}.Debug|iPhoneSimulator.Build.0 = Debug|Any CPU
		{10E375C3-C438-4771-B177-0FC2E5F20ABF}.Release|Any CPU.ActiveCfg = Release|Any CPU
		{10E375C3-C438-4771-B177-0FC2E5F20ABF}.Release|Any CPU.Build.0 = Release|Any CPU
		{10E375C3-C438-4771-B177-0FC2E5F20ABF}.Release|iPhone.ActiveCfg = Release|Any CPU
		{10E375C3-C438-4771-B177-0FC2E5F20ABF}.Release|iPhone.Build.0 = Release|Any CPU
		{10E375C3-C438-4771-B177-0FC2E5F20ABF}.Release|iPhoneSimulator.ActiveCfg = Release|Any CPU
		{10E375C3-C438-4771-B177-0FC2E5F20ABF}.Release|iPhoneSimulator.Build.0 = Release|Any CPU
		{B5A10A6F-7ED6-4CBB-8F47-17C9FB7DF7EE}.Ad-Hoc|Any CPU.ActiveCfg = Release|Any CPU
		{B5A10A6F-7ED6-4CBB-8F47-17C9FB7DF7EE}.Ad-Hoc|Any CPU.Build.0 = Release|Any CPU
		{B5A10A6F-7ED6-4CBB-8F47-17C9FB7DF7EE}.Ad-Hoc|iPhone.ActiveCfg = Release|Any CPU
		{B5A10A6F-7ED6-4CBB-8F47-17C9FB7DF7EE}.Ad-Hoc|iPhone.Build.0 = Release|Any CPU
		{B5A10A6F-7ED6-4CBB-8F47-17C9FB7DF7EE}.Ad-Hoc|iPhoneSimulator.ActiveCfg = Release|Any CPU
		{B5A10A6F-7ED6-4CBB-8F47-17C9FB7DF7EE}.Ad-Hoc|iPhoneSimulator.Build.0 = Release|Any CPU
		{B5A10A6F-7ED6-4CBB-8F47-17C9FB7DF7EE}.AppStore|Any CPU.ActiveCfg = Release|Any CPU
		{B5A10A6F-7ED6-4CBB-8F47-17C9FB7DF7EE}.AppStore|Any CPU.Build.0 = Release|Any CPU
		{B5A10A6F-7ED6-4CBB-8F47-17C9FB7DF7EE}.AppStore|iPhone.ActiveCfg = Release|Any CPU
		{B5A10A6F-7ED6-4CBB-8F47-17C9FB7DF7EE}.AppStore|iPhone.Build.0 = Release|Any CPU
		{B5A10A6F-7ED6-4CBB-8F47-17C9FB7DF7EE}.AppStore|iPhoneSimulator.ActiveCfg = Release|Any CPU
		{B5A10A6F-7ED6-4CBB-8F47-17C9FB7DF7EE}.AppStore|iPhoneSimulator.Build.0 = Release|Any CPU
		{B5A10A6F-7ED6-4CBB-8F47-17C9FB7DF7EE}.Debug|Any CPU.ActiveCfg = Debug|Any CPU
		{B5A10A6F-7ED6-4CBB-8F47-17C9FB7DF7EE}.Debug|Any CPU.Build.0 = Debug|Any CPU
		{B5A10A6F-7ED6-4CBB-8F47-17C9FB7DF7EE}.Debug|iPhone.ActiveCfg = Debug|Any CPU
		{B5A10A6F-7ED6-4CBB-8F47-17C9FB7DF7EE}.Debug|iPhone.Build.0 = Debug|Any CPU
		{B5A10A6F-7ED6-4CBB-8F47-17C9FB7DF7EE}.Debug|iPhoneSimulator.ActiveCfg = Debug|Any CPU
		{B5A10A6F-7ED6-4CBB-8F47-17C9FB7DF7EE}.Debug|iPhoneSimulator.Build.0 = Debug|Any CPU
		{B5A10A6F-7ED6-4CBB-8F47-17C9FB7DF7EE}.Release|Any CPU.ActiveCfg = Release|Any CPU
		{B5A10A6F-7ED6-4CBB-8F47-17C9FB7DF7EE}.Release|Any CPU.Build.0 = Release|Any CPU
		{B5A10A6F-7ED6-4CBB-8F47-17C9FB7DF7EE}.Release|iPhone.ActiveCfg = Release|Any CPU
		{B5A10A6F-7ED6-4CBB-8F47-17C9FB7DF7EE}.Release|iPhone.Build.0 = Release|Any CPU
		{B5A10A6F-7ED6-4CBB-8F47-17C9FB7DF7EE}.Release|iPhoneSimulator.ActiveCfg = Release|Any CPU
		{B5A10A6F-7ED6-4CBB-8F47-17C9FB7DF7EE}.Release|iPhoneSimulator.Build.0 = Release|Any CPU
		{CFB19FD3-1124-44CD-BB21-7200AD40477D}.Ad-Hoc|Any CPU.ActiveCfg = Debug|Any CPU
		{CFB19FD3-1124-44CD-BB21-7200AD40477D}.Ad-Hoc|Any CPU.Build.0 = Debug|Any CPU
		{CFB19FD3-1124-44CD-BB21-7200AD40477D}.Ad-Hoc|iPhone.ActiveCfg = Debug|Any CPU
		{CFB19FD3-1124-44CD-BB21-7200AD40477D}.Ad-Hoc|iPhone.Build.0 = Debug|Any CPU
		{CFB19FD3-1124-44CD-BB21-7200AD40477D}.Ad-Hoc|iPhoneSimulator.ActiveCfg = Debug|Any CPU
		{CFB19FD3-1124-44CD-BB21-7200AD40477D}.Ad-Hoc|iPhoneSimulator.Build.0 = Debug|Any CPU
		{CFB19FD3-1124-44CD-BB21-7200AD40477D}.AppStore|Any CPU.ActiveCfg = Debug|Any CPU
		{CFB19FD3-1124-44CD-BB21-7200AD40477D}.AppStore|Any CPU.Build.0 = Debug|Any CPU
		{CFB19FD3-1124-44CD-BB21-7200AD40477D}.AppStore|iPhone.ActiveCfg = Debug|Any CPU
		{CFB19FD3-1124-44CD-BB21-7200AD40477D}.AppStore|iPhone.Build.0 = Debug|Any CPU
		{CFB19FD3-1124-44CD-BB21-7200AD40477D}.AppStore|iPhoneSimulator.ActiveCfg = Debug|Any CPU
		{CFB19FD3-1124-44CD-BB21-7200AD40477D}.AppStore|iPhoneSimulator.Build.0 = Debug|Any CPU
		{CFB19FD3-1124-44CD-BB21-7200AD40477D}.Debug|Any CPU.ActiveCfg = Debug|Any CPU
		{CFB19FD3-1124-44CD-BB21-7200AD40477D}.Debug|Any CPU.Build.0 = Debug|Any CPU
		{CFB19FD3-1124-44CD-BB21-7200AD40477D}.Debug|iPhone.ActiveCfg = Debug|Any CPU
		{CFB19FD3-1124-44CD-BB21-7200AD40477D}.Debug|iPhone.Build.0 = Debug|Any CPU
		{CFB19FD3-1124-44CD-BB21-7200AD40477D}.Debug|iPhoneSimulator.ActiveCfg = Debug|Any CPU
		{CFB19FD3-1124-44CD-BB21-7200AD40477D}.Debug|iPhoneSimulator.Build.0 = Debug|Any CPU
		{CFB19FD3-1124-44CD-BB21-7200AD40477D}.Release|Any CPU.ActiveCfg = Release|Any CPU
		{CFB19FD3-1124-44CD-BB21-7200AD40477D}.Release|Any CPU.Build.0 = Release|Any CPU
		{CFB19FD3-1124-44CD-BB21-7200AD40477D}.Release|iPhone.ActiveCfg = Release|Any CPU
		{CFB19FD3-1124-44CD-BB21-7200AD40477D}.Release|iPhone.Build.0 = Release|Any CPU
		{CFB19FD3-1124-44CD-BB21-7200AD40477D}.Release|iPhoneSimulator.ActiveCfg = Release|Any CPU
		{CFB19FD3-1124-44CD-BB21-7200AD40477D}.Release|iPhoneSimulator.Build.0 = Release|Any CPU
		{259CD1AA-9180-4B9B-9792-0BE7E0210669}.Ad-Hoc|Any CPU.ActiveCfg = Debug|Any CPU
		{259CD1AA-9180-4B9B-9792-0BE7E0210669}.Ad-Hoc|Any CPU.Build.0 = Debug|Any CPU
		{259CD1AA-9180-4B9B-9792-0BE7E0210669}.Ad-Hoc|iPhone.ActiveCfg = Debug|Any CPU
		{259CD1AA-9180-4B9B-9792-0BE7E0210669}.Ad-Hoc|iPhone.Build.0 = Debug|Any CPU
		{259CD1AA-9180-4B9B-9792-0BE7E0210669}.Ad-Hoc|iPhoneSimulator.ActiveCfg = Debug|Any CPU
		{259CD1AA-9180-4B9B-9792-0BE7E0210669}.Ad-Hoc|iPhoneSimulator.Build.0 = Debug|Any CPU
		{259CD1AA-9180-4B9B-9792-0BE7E0210669}.AppStore|Any CPU.ActiveCfg = Debug|Any CPU
		{259CD1AA-9180-4B9B-9792-0BE7E0210669}.AppStore|Any CPU.Build.0 = Debug|Any CPU
		{259CD1AA-9180-4B9B-9792-0BE7E0210669}.AppStore|iPhone.ActiveCfg = Debug|Any CPU
		{259CD1AA-9180-4B9B-9792-0BE7E0210669}.AppStore|iPhone.Build.0 = Debug|Any CPU
		{259CD1AA-9180-4B9B-9792-0BE7E0210669}.AppStore|iPhoneSimulator.ActiveCfg = Debug|Any CPU
		{259CD1AA-9180-4B9B-9792-0BE7E0210669}.AppStore|iPhoneSimulator.Build.0 = Debug|Any CPU
		{259CD1AA-9180-4B9B-9792-0BE7E0210669}.Debug|Any CPU.ActiveCfg = Debug|Any CPU
		{259CD1AA-9180-4B9B-9792-0BE7E0210669}.Debug|Any CPU.Build.0 = Debug|Any CPU
		{259CD1AA-9180-4B9B-9792-0BE7E0210669}.Debug|iPhone.ActiveCfg = Debug|Any CPU
		{259CD1AA-9180-4B9B-9792-0BE7E0210669}.Debug|iPhone.Build.0 = Debug|Any CPU
		{259CD1AA-9180-4B9B-9792-0BE7E0210669}.Debug|iPhoneSimulator.ActiveCfg = Debug|Any CPU
		{259CD1AA-9180-4B9B-9792-0BE7E0210669}.Debug|iPhoneSimulator.Build.0 = Debug|Any CPU
		{259CD1AA-9180-4B9B-9792-0BE7E0210669}.Release|Any CPU.ActiveCfg = Release|Any CPU
		{259CD1AA-9180-4B9B-9792-0BE7E0210669}.Release|Any CPU.Build.0 = Release|Any CPU
		{259CD1AA-9180-4B9B-9792-0BE7E0210669}.Release|iPhone.ActiveCfg = Release|Any CPU
		{259CD1AA-9180-4B9B-9792-0BE7E0210669}.Release|iPhone.Build.0 = Release|Any CPU
		{259CD1AA-9180-4B9B-9792-0BE7E0210669}.Release|iPhoneSimulator.ActiveCfg = Release|Any CPU
		{259CD1AA-9180-4B9B-9792-0BE7E0210669}.Release|iPhoneSimulator.Build.0 = Release|Any CPU
		{B409D866-A840-4D61-9DB7-10B39494B9FB}.Ad-Hoc|Any CPU.ActiveCfg = Debug|Any CPU
		{B409D866-A840-4D61-9DB7-10B39494B9FB}.Ad-Hoc|Any CPU.Build.0 = Debug|Any CPU
		{B409D866-A840-4D61-9DB7-10B39494B9FB}.Ad-Hoc|iPhone.ActiveCfg = Debug|Any CPU
		{B409D866-A840-4D61-9DB7-10B39494B9FB}.Ad-Hoc|iPhone.Build.0 = Debug|Any CPU
		{B409D866-A840-4D61-9DB7-10B39494B9FB}.Ad-Hoc|iPhoneSimulator.ActiveCfg = Debug|Any CPU
		{B409D866-A840-4D61-9DB7-10B39494B9FB}.Ad-Hoc|iPhoneSimulator.Build.0 = Debug|Any CPU
		{B409D866-A840-4D61-9DB7-10B39494B9FB}.AppStore|Any CPU.ActiveCfg = Debug|Any CPU
		{B409D866-A840-4D61-9DB7-10B39494B9FB}.AppStore|Any CPU.Build.0 = Debug|Any CPU
		{B409D866-A840-4D61-9DB7-10B39494B9FB}.AppStore|iPhone.ActiveCfg = Debug|Any CPU
		{B409D866-A840-4D61-9DB7-10B39494B9FB}.AppStore|iPhone.Build.0 = Debug|Any CPU
		{B409D866-A840-4D61-9DB7-10B39494B9FB}.AppStore|iPhoneSimulator.ActiveCfg = Debug|Any CPU
		{B409D866-A840-4D61-9DB7-10B39494B9FB}.AppStore|iPhoneSimulator.Build.0 = Debug|Any CPU
		{B409D866-A840-4D61-9DB7-10B39494B9FB}.Debug|Any CPU.ActiveCfg = Debug|Any CPU
		{B409D866-A840-4D61-9DB7-10B39494B9FB}.Debug|Any CPU.Build.0 = Debug|Any CPU
		{B409D866-A840-4D61-9DB7-10B39494B9FB}.Debug|iPhone.ActiveCfg = Debug|Any CPU
		{B409D866-A840-4D61-9DB7-10B39494B9FB}.Debug|iPhone.Build.0 = Debug|Any CPU
		{B409D866-A840-4D61-9DB7-10B39494B9FB}.Debug|iPhoneSimulator.ActiveCfg = Debug|Any CPU
		{B409D866-A840-4D61-9DB7-10B39494B9FB}.Debug|iPhoneSimulator.Build.0 = Debug|Any CPU
		{B409D866-A840-4D61-9DB7-10B39494B9FB}.Release|Any CPU.ActiveCfg = Release|Any CPU
		{B409D866-A840-4D61-9DB7-10B39494B9FB}.Release|Any CPU.Build.0 = Release|Any CPU
		{B409D866-A840-4D61-9DB7-10B39494B9FB}.Release|iPhone.ActiveCfg = Release|Any CPU
		{B409D866-A840-4D61-9DB7-10B39494B9FB}.Release|iPhone.Build.0 = Release|Any CPU
		{B409D866-A840-4D61-9DB7-10B39494B9FB}.Release|iPhoneSimulator.ActiveCfg = Release|Any CPU
		{B409D866-A840-4D61-9DB7-10B39494B9FB}.Release|iPhoneSimulator.Build.0 = Release|Any CPU
	EndGlobalSection
	GlobalSection(SolutionProperties) = preSolution
		HideSolutionNode = FALSE
	EndGlobalSection
	GlobalSection(ExtensibilityGlobals) = postSolution
		SolutionGuid = {D75B6C7C-F233-4E20-92D2-D9483F9AA440}
	EndGlobalSection
EndGlobal
